
Microsoft Visual Studio Solution File, Format Version 12.00
# Visual Studio Version 16
VisualStudioVersion = 16.0.31205.134
MinimumVisualStudioVersion = 10.0.40219.1
Project("{FAE04EC0-301F-11D3-BF4B-00C04F79EFBC}") = "Exception Handling 2", "Exception Handling 2.csproj", "{D3C4E848-85EF-44D3-B421-C20A4E30FD7E}"
EndProject
Global
	GlobalSection(SolutionConfigurationPlatforms) = preSolution
		Debug|Any CPU = Debug|Any CPU
		Release|Any CPU = Release|Any CPU
	EndGlobalSection
	GlobalSection(ProjectConfigurationPlatforms) = postSolution
		{D3C4E848-85EF-44D3-B421-C20A4E30FD7E}.Debug|Any CPU.ActiveCfg = Debug|Any CPU
		{D3C4E848-85EF-44D3-B421-C20A4E30FD7E}.Debug|Any CPU.Build.0 = Debug|Any CPU
		{D3C4E848-85EF-44D3-B421-C20A4E30FD7E}.Release|Any CPU.ActiveCfg = Release|Any CPU
		{D3C4E848-85EF-44D3-B421-C20A4E30FD7E}.Release|Any CPU.Build.0 = Release|Any CPU
	EndGlobalSection
	GlobalSection(SolutionProperties) = preSolution
		HideSolutionNode = FALSE
	EndGlobalSection
	GlobalSection(ExtensibilityGlobals) = postSolution
		SolutionGuid = {8A9E0338-1E01-4DE1-AD10-2F4839B41389}
	EndGlobalSection
EndGlobal
